
Microsoft Visual Studio Solution File, Format Version 12.00
# Visual Studio Version 17
VisualStudioVersion = 17.1.32421.90
MinimumVisualStudioVersion = 10.0.40219.1
Project("{9A19103F-16F7-4668-BE54-9A1E7A4F7556}") = "EFDemo.Domain", "EFDemo.Domain\EFDemo.Domain.csproj", "{57C80E71-2C71-495E-9652-57606CC6838D}"
EndProject
Project("{FAE04EC0-301F-11D3-BF4B-00C04F79EFBC}") = "EFDemo.Data", "EFDemo.Data\EFDemo.Data.csproj", "{157EF12C-6DD1-4308-A7C7-A0F36A66F3CD}"
EndProject
Project("{FAE04EC0-301F-11D3-BF4B-00C04F79EFBC}") = "EFDemo.App", "EFDemo.App\EFDemo.App.csproj", "{B8BE335A-C0C5-42F9-8063-8BEDACADF62B}"
EndProject
Global
	GlobalSection(SolutionConfigurationPlatforms) = preSolution
		Debug|Any CPU = Debug|Any CPU
		Release|Any CPU = Release|Any CPU
	EndGlobalSection
	GlobalSection(ProjectConfigurationPlatforms) = postSolution
		{57C80E71-2C71-495E-9652-57606CC6838D}.Debug|Any CPU.ActiveCfg = Debug|Any CPU
		{57C80E71-2C71-495E-9652-57606CC6838D}.Debug|Any CPU.Build.0 = Debug|Any CPU
		{57C80E71-2C71-495E-9652-57606CC6838D}.Release|Any CPU.ActiveCfg = Release|Any CPU
		{57C80E71-2C71-495E-9652-57606CC6838D}.Release|Any CPU.Build.0 = Release|Any CPU
		{157EF12C-6DD1-4308-A7C7-A0F36A66F3CD}.Debug|Any CPU.ActiveCfg = Debug|Any CPU
		{157EF12C-6DD1-4308-A7C7-A0F36A66F3CD}.Debug|Any CPU.Build.0 = Debug|Any CPU
		{157EF12C-6DD1-4308-A7C7-A0F36A66F3CD}.Release|Any CPU.ActiveCfg = Release|Any CPU
		{157EF12C-6DD1-4308-A7C7-A0F36A66F3CD}.Release|Any CPU.Build.0 = Release|Any CPU
		{B8BE335A-C0C5-42F9-8063-8BEDACADF62B}.Debug|Any CPU.ActiveCfg = Debug|Any CPU
		{B8BE335A-C0C5-42F9-8063-8BEDACADF62B}.Debug|Any CPU.Build.0 = Debug|Any CPU
		{B8BE335A-C0C5-42F9-8063-8BEDACADF62B}.Release|Any CPU.ActiveCfg = Release|Any CPU
		{B8BE335A-C0C5-42F9-8063-8BEDACADF62B}.Release|Any CPU.Build.0 = Release|Any CPU
	EndGlobalSection
	GlobalSection(SolutionProperties) = preSolution
		HideSolutionNode = FALSE
	EndGlobalSection
	GlobalSection(ExtensibilityGlobals) = postSolution
		SolutionGuid = {C63791F4-7515-4342-95AA-52B62593EB55}
	EndGlobalSection
EndGlobal
